# This file is autogenerated, do not edit; changes may be undone by the next 'dep ensure'.


[[projects]]
  digest = "1:e92f5581902c345eb4ceffdcd4a854fb8f73cf436d47d837d1ec98ef1fe0a214"
  name = "github.com/StackExchange/wmi"
  packages = ["."]
  pruneopts = "UT"
  revision = "5d049714c4a64225c3c79a7cf7d02f7fb5b96338"
  version = "1.0.0"

[[projects]]
  digest = "1:c96d16a4451e48e2c44b2c3531fd8ec9248d822637f1911a88959ca0bcae4a64"
  name = "github.com/go-ole/go-ole"
  packages = [
    ".",
    "oleutil",
  ]
  pruneopts = "UT"
  revision = "39dc8486bd0952279431257138bc428275b86797"
  version = "v1.2.2"

[[projects]]
  digest = "1:d3542de226344b4256cc0844ccc88fa815a187b3b6ea251e75f726179a81cea5"
  name = "github.com/shirou/gopsutil"
  packages = [
    "cpu",
    "host",
    "internal/common",
    "mem",
    "net",
    "process",
  ]
  pruneopts = "UT"
  revision = "0f70a4a06f7a1039305ec9b3ba9c2800f8929fba"
  version = "v2.18.11"

[[projects]]
  branch = "master"
  digest = "1:99c6a6dab47067c9b898e8c8b13d130c6ab4ffbcc4b7cc6236c2cd0b1e344f5b"
  name = "github.com/shirou/w32"
  packages = ["."]
  pruneopts = "UT"
  revision = "bb4de0191aa41b5507caa14b0650cdbddcd9280b"

[[projects]]
  branch = "master"
  digest = "1:ba8cbf57cfd92d5f8592b4aca1a35d92c162363d32aeabd5b12555f8896635e7"
  name = "golang.org/x/sys"
  packages = [
    "unix",
    "windows",
  ]
  pruneopts = "UT"
  revision = "074acd46bca67915925527c07849494d115e7c43"

[solve-meta]
  analyzer-name = "dep"
  analyzer-version = 1
  input-imports = [
    "github.com/shirou/gopsutil/cpu",
    "github.com/shirou/gopsutil/mem",
    "github.com/shirou/gopsutil/process",
  ]
  solver-name = "gps-cdcl"
  solver-version = 1
